
Microsoft Visual Studio Solution File, Format Version 12.00
# Visual Studio Version 16
VisualStudioVersion = 16.0.31911.196
MinimumVisualStudioVersion = 10.0.40219.1
Project("{FAE04EC0-301F-11D3-BF4B-00C04F79EFBC}") = "Hospital", "Hospital\Hospital.csproj", "{1CA20DB7-59B7-469F-AB3D-6B688D46A5D3}"
	ProjectSection(ProjectDependencies) = postProject
		{493048A9-DC6C-4DF4-B1C3-BCA7ACA52A56} = {493048A9-DC6C-4DF4-B1C3-BCA7ACA52A56}
	EndProjectSection
EndProject
Project("{FAE04EC0-301F-11D3-BF4B-00C04F79EFBC}") = "Test", "Test\Test.csproj", "{61F1A697-F97A-49F5-B425-68D3E522942F}"
EndProject
Project("{FAE04EC0-301F-11D3-BF4B-00C04F79EFBC}") = "HospitalCoreService", "HospitalCoreService\HospitalCoreService.csproj", "{493048A9-DC6C-4DF4-B1C3-BCA7ACA52A56}"
EndProject
Project("{FAE04EC0-301F-11D3-BF4B-00C04F79EFBC}") = "CapaIntegracion", "CapaIntegracion\CapaIntegracion.csproj", "{49D4A503-DE8B-41F0-A196-BDAB335DFFA8}"
	ProjectSection(ProjectDependencies) = postProject
		{493048A9-DC6C-4DF4-B1C3-BCA7ACA52A56} = {493048A9-DC6C-4DF4-B1C3-BCA7ACA52A56}
	EndProjectSection
EndProject
Project("{FAE04EC0-301F-11D3-BF4B-00C04F79EFBC}") = "Caja", "Caja\Caja.csproj", "{897FD38C-10CA-443D-A77F-086962ECCC21}"
	ProjectSection(ProjectDependencies) = postProject
		{49D4A503-DE8B-41F0-A196-BDAB335DFFA8} = {49D4A503-DE8B-41F0-A196-BDAB335DFFA8}
		{493048A9-DC6C-4DF4-B1C3-BCA7ACA52A56} = {493048A9-DC6C-4DF4-B1C3-BCA7ACA52A56}
	EndProjectSection
EndProject
Project("{FAE04EC0-301F-11D3-BF4B-00C04F79EFBC}") = "FionaWFApp", "..\..\FionaWFApp\FionaWFApp\FionaWFApp.csproj", "{1A5A016C-A6F2-466B-8085-B5BF2DAC36B5}"
EndProject
Global
	GlobalSection(SolutionConfigurationPlatforms) = preSolution
		Debug|Any CPU = Debug|Any CPU
		Release|Any CPU = Release|Any CPU
	EndGlobalSection
	GlobalSection(ProjectConfigurationPlatforms) = postSolution
		{1CA20DB7-59B7-469F-AB3D-6B688D46A5D3}.Debug|Any CPU.ActiveCfg = Debug|Any CPU
		{1CA20DB7-59B7-469F-AB3D-6B688D46A5D3}.Debug|Any CPU.Build.0 = Debug|Any CPU
		{1CA20DB7-59B7-469F-AB3D-6B688D46A5D3}.Release|Any CPU.ActiveCfg = Release|Any CPU
		{1CA20DB7-59B7-469F-AB3D-6B688D46A5D3}.Release|Any CPU.Build.0 = Release|Any CPU
		{61F1A697-F97A-49F5-B425-68D3E522942F}.Debug|Any CPU.ActiveCfg = Debug|Any CPU
		{61F1A697-F97A-49F5-B425-68D3E522942F}.Debug|Any CPU.Build.0 = Debug|Any CPU
		{61F1A697-F97A-49F5-B425-68D3E522942F}.Release|Any CPU.ActiveCfg = Release|Any CPU
		{61F1A697-F97A-49F5-B425-68D3E522942F}.Release|Any CPU.Build.0 = Release|Any CPU
		{493048A9-DC6C-4DF4-B1C3-BCA7ACA52A56}.Debug|Any CPU.ActiveCfg = Debug|Any CPU
		{493048A9-DC6C-4DF4-B1C3-BCA7ACA52A56}.Debug|Any CPU.Build.0 = Debug|Any CPU
		{493048A9-DC6C-4DF4-B1C3-BCA7ACA52A56}.Release|Any CPU.ActiveCfg = Release|Any CPU
		{493048A9-DC6C-4DF4-B1C3-BCA7ACA52A56}.Release|Any CPU.Build.0 = Release|Any CPU
		{49D4A503-DE8B-41F0-A196-BDAB335DFFA8}.Debug|Any CPU.ActiveCfg = Debug|Any CPU
		{49D4A503-DE8B-41F0-A196-BDAB335DFFA8}.Debug|Any CPU.Build.0 = Debug|Any CPU
		{49D4A503-DE8B-41F0-A196-BDAB335DFFA8}.Release|Any CPU.ActiveCfg = Release|Any CPU
		{49D4A503-DE8B-41F0-A196-BDAB335DFFA8}.Release|Any CPU.Build.0 = Release|Any CPU
		{897FD38C-10CA-443D-A77F-086962ECCC21}.Debug|Any CPU.ActiveCfg = Debug|Any CPU
		{897FD38C-10CA-443D-A77F-086962ECCC21}.Debug|Any CPU.Build.0 = Debug|Any CPU
		{897FD38C-10CA-443D-A77F-086962ECCC21}.Release|Any CPU.ActiveCfg = Release|Any CPU
		{897FD38C-10CA-443D-A77F-086962ECCC21}.Release|Any CPU.Build.0 = Release|Any CPU
		{1A5A016C-A6F2-466B-8085-B5BF2DAC36B5}.Debug|Any CPU.ActiveCfg = Debug|Any CPU
		{1A5A016C-A6F2-466B-8085-B5BF2DAC36B5}.Debug|Any CPU.Build.0 = Debug|Any CPU
		{1A5A016C-A6F2-466B-8085-B5BF2DAC36B5}.Release|Any CPU.ActiveCfg = Release|Any CPU
		{1A5A016C-A6F2-466B-8085-B5BF2DAC36B5}.Release|Any CPU.Build.0 = Release|Any CPU
	EndGlobalSection
	GlobalSection(SolutionProperties) = preSolution
		HideSolutionNode = FALSE
	EndGlobalSection
	GlobalSection(ExtensibilityGlobals) = postSolution
		SolutionGuid = {4C3824FE-E62C-4C39-99F4-67B694DE574E}
	EndGlobalSection
EndGlobal
